// !$*UTF8*$!
{
	archiveVersion = 1;
	classes = {
	};
	objectVersion = 46;
	objects = {

/* Begin PBXBuildFile section */
		4884D3C8182A11E400C48FB6 /* UIControl+DALDebugging.m in Sources */ = {isa = PBXBuildFile; fileRef = 4884D3C7182A11E400C48FB6 /* UIControl+DALDebugging.m */; };
		4892AB6F18130D2600AEBFCB /* Foundation.framework in Frameworks */ = {isa = PBXBuildFile; fileRef = 4892AB6E18130D2600AEBFCB /* Foundation.framework */; };
		4892AB7118130D2600AEBFCB /* CoreGraphics.framework in Frameworks */ = {isa = PBXBuildFile; fileRef = 4892AB7018130D2600AEBFCB /* CoreGraphics.framework */; };
		4892AB7318130D2600AEBFCB /* UIKit.framework in Frameworks */ = {isa = PBXBuildFile; fileRef = 4892AB7218130D2600AEBFCB /* UIKit.framework */; };
		4892AB7918130D2600AEBFCB /* InfoPlist.strings in Resources */ = {isa = PBXBuildFile; fileRef = 4892AB7718130D2600AEBFCB /* InfoPlist.strings */; };
		4892AB7B18130D2700AEBFCB /* main.m in Sources */ = {isa = PBXBuildFile; fileRef = 4892AB7A18130D2700AEBFCB /* main.m */; };
		4892AB7F18130D2700AEBFCB /* DALAppDelegate.m in Sources */ = {isa = PBXBuildFile; fileRef = 4892AB7E18130D2700AEBFCB /* DALAppDelegate.m */; };
		4892AB8218130D2700AEBFCB /* Main_iPhone.storyboard in Resources */ = {isa = PBXBuildFile; fileRef = 4892AB8018130D2700AEBFCB /* Main_iPhone.storyboard */; };
		4892AB8518130D2700AEBFCB /* Main_iPad.storyboard in Resources */ = {isa = PBXBuildFile; fileRef = 4892AB8318130D2700AEBFCB /* Main_iPad.storyboard */; };
		4892AB8818130D2700AEBFCB /* DALViewController.m in Sources */ = {isa = PBXBuildFile; fileRef = 4892AB8718130D2700AEBFCB /* DALViewController.m */; };
		4892AB8A18130D2700AEBFCB /* Images.xcassets in Resources */ = {isa = PBXBuildFile; fileRef = 4892AB8918130D2700AEBFCB /* Images.xcassets */; };
		4892AB9118130D2700AEBFCB /* XCTest.framework in Frameworks */ = {isa = PBXBuildFile; fileRef = 4892AB9018130D2700AEBFCB /* XCTest.framework */; };
		4892AB9218130D2700AEBFCB /* Foundation.framework in Frameworks */ = {isa = PBXBuildFile; fileRef = 4892AB6E18130D2600AEBFCB /* Foundation.framework */; };
		4892AB9318130D2700AEBFCB /* UIKit.framework in Frameworks */ = {isa = PBXBuildFile; fileRef = 4892AB7218130D2600AEBFCB /* UIKit.framework */; };
		4892AB9B18130D2700AEBFCB /* InfoPlist.strings in Resources */ = {isa = PBXBuildFile; fileRef = 4892AB9918130D2700AEBFCB /* InfoPlist.strings */; };
		4892AB9D18130D2700AEBFCB /* DALDebuggingTests.m in Sources */ = {isa = PBXBuildFile; fileRef = 4892AB9C18130D2700AEBFCB /* DALDebuggingTests.m */; };
		4892ABBA18130D9800AEBFCB /* DALIntrospection.m in Sources */ = {isa = PBXBuildFile; fileRef = 4892ABAB18130D9800AEBFCB /* DALIntrospection.m */; };
		4892ABBB18130D9800AEBFCB /* UIWindow+DALDebugging.m in Sources */ = {isa = PBXBuildFile; fileRef = 4892ABAC18130D9800AEBFCB /* UIWindow+DALDebugging.m */; };
		4892ABBC18130D9800AEBFCB /* NSObject+DALDebugging.m in Sources */ = {isa = PBXBuildFile; fileRef = 4892ABAE18130D9800AEBFCB /* NSObject+DALDebugging.m */; };
		4892ABBD18130D9800AEBFCB /* NSProxy+DALDebugging.m in Sources */ = {isa = PBXBuildFile; fileRef = 4892ABB018130D9800AEBFCB /* NSProxy+DALDebugging.m */; };
		4892ABBE18130D9800AEBFCB /* README in Resources */ = {isa = PBXBuildFile; fileRef = 4892ABB118130D9800AEBFCB /* README */; };
		4892ABBF18130D9800AEBFCB /* UIImage+DALDebugging.m in Sources */ = {isa = PBXBuildFile; fileRef = 4892ABB318130D9800AEBFCB /* UIImage+DALDebugging.m */; };
		4892ABC018130D9800AEBFCB /* UIView+DALDebugging.m in Sources */ = {isa = PBXBuildFile; fileRef = 4892ABB518130D9800AEBFCB /* UIView+DALDebugging.m */; };
		4892ABC4181312E600AEBFCB /* DALTableViewCell.m in Sources */ = {isa = PBXBuildFile; fileRef = 4892ABC3181312E600AEBFCB /* DALTableViewCell.m */; };
		4892ABC8181338BF00AEBFCB /* 132x88.jpeg in Resources */ = {isa = PBXBuildFile; fileRef = 4892ABC7181338BF00AEBFCB /* 132x88.jpeg */; };
/* End PBXBuildFile section */

/* Begin PBXContainerItemProxy section */
		4892AB9418130D2700AEBFCB /* PBXContainerItemProxy */ = {
			isa = PBXContainerItemProxy;
			containerPortal = 4892AB6318130D2600AEBFCB /* Project object */;
			proxyType = 1;
			remoteGlobalIDString = 4892AB6A18130D2600AEBFCB;
			remoteInfo = DALDebugging;
		};
/* End PBXContainerItemProxy section */

/* Begin PBXFileReference section */
		4805B285190C29F5001C6D04 /* DALSwizzling.h */ = {isa = PBXFileReference; lastKnownFileType = sourcecode.c.h; path = DALSwizzling.h; sourceTree = "<group>"; };
		4884D3C6182A11E400C48FB6 /* UIControl+DALDebugging.h */ = {isa = PBXFileReference; fileEncoding = 4; lastKnownFileType = sourcecode.c.h; path = "UIControl+DALDebugging.h"; sourceTree = "<group>"; };
		4884D3C7182A11E400C48FB6 /* UIControl+DALDebugging.m */ = {isa = PBXFileReference; fileEncoding = 4; lastKnownFileType = sourcecode.c.objc; path = "UIControl+DALDebugging.m"; sourceTree = "<group>"; };
		4892AB6B18130D2600AEBFCB /* DALDebugging.app */ = {isa = PBXFileReference; explicitFileType = wrapper.application; includeInIndex = 0; path = DALDebugging.app; sourceTree = BUILT_PRODUCTS_DIR; };
		4892AB6E18130D2600AEBFCB /* Foundation.framework */ = {isa = PBXFileReference; lastKnownFileType = wrapper.framework; name = Foundation.framework; path = System/Library/Frameworks/Foundation.framework; sourceTree = SDKROOT; };
		4892AB7018130D2600AEBFCB /* CoreGraphics.framework */ = {isa = PBXFileReference; lastKnownFileType = wrapper.framework; name = CoreGraphics.framework; path = System/Library/Frameworks/CoreGraphics.framework; sourceTree = SDKROOT; };
		4892AB7218130D2600AEBFCB /* UIKit.framework */ = {isa = PBXFileReference; lastKnownFileType = wrapper.framework; name = UIKit.framework; path = System/Library/Frameworks/UIKit.framework; sourceTree = SDKROOT; };
		4892AB7618130D2600AEBFCB /* DALDebugging-Info.plist */ = {isa = PBXFileReference; lastKnownFileType = text.plist.xml; path = "DALDebugging-Info.plist"; sourceTree = "<group>"; };
		4892AB7818130D2600AEBFCB /* en */ = {isa = PBXFileReference; lastKnownFileType = text.plist.strings; name = en; path = en.lproj/InfoPlist.strings; sourceTree = "<group>"; };
		4892AB7A18130D2700AEBFCB /* main.m */ = {isa = PBXFileReference; lastKnownFileType = sourcecode.c.objc; path = main.m; sourceTree = "<group>"; };
		4892AB7C18130D2700AEBFCB /* DALDebugging-Prefix.pch */ = {isa = PBXFileReference; lastKnownFileType = sourcecode.c.h; path = "DALDebugging-Prefix.pch"; sourceTree = "<group>"; };
		4892AB7D18130D2700AEBFCB /* DALAppDelegate.h */ = {isa = PBXFileReference; lastKnownFileType = sourcecode.c.h; path = DALAppDelegate.h; sourceTree = "<group>"; };
		4892AB7E18130D2700AEBFCB /* DALAppDelegate.m */ = {isa = PBXFileReference; lastKnownFileType = sourcecode.c.objc; path = DALAppDelegate.m; sourceTree = "<group>"; };
		4892AB8118130D2700AEBFCB /* Base */ = {isa = PBXFileReference; lastKnownFileType = file.storyboard; name = Base; path = Base.lproj/Main_iPhone.storyboard; sourceTree = "<group>"; };
		4892AB8418130D2700AEBFCB /* Base */ = {isa = PBXFileReference; lastKnownFileType = file.storyboard; name = Base; path = Base.lproj/Main_iPad.storyboard; sourceTree = "<group>"; };
		4892AB8618130D2700AEBFCB /* DALViewController.h */ = {isa = PBXFileReference; lastKnownFileType = sourcecode.c.h; path = DALViewController.h; sourceTree = "<group>"; };
		4892AB8718130D2700AEBFCB /* DALViewController.m */ = {isa = PBXFileReference; lastKnownFileType = sourcecode.c.objc; path = DALViewController.m; sourceTree = "<group>"; };
		4892AB8918130D2700AEBFCB /* Images.xcassets */ = {isa = PBXFileReference; lastKnownFileType = folder.assetcatalog; path = Images.xcassets; sourceTree = "<group>"; };
		4892AB8F18130D2700AEBFCB /* DALDebuggingTests.xctest */ = {isa = PBXFileReference; explicitFileType = wrapper.cfbundle; includeInIndex = 0; path = DALDebuggingTests.xctest; sourceTree = BUILT_PRODUCTS_DIR; };
		4892AB9018130D2700AEBFCB /* XCTest.framework */ = {isa = PBXFileReference; lastKnownFileType = wrapper.framework; name = XCTest.framework; path = Library/Frameworks/XCTest.framework; sourceTree = DEVELOPER_DIR; };
		4892AB9818130D2700AEBFCB /* DALDebuggingTests-Info.plist */ = {isa = PBXFileReference; lastKnownFileType = text.plist.xml; path = "DALDebuggingTests-Info.plist"; sourceTree = "<group>"; };
		4892AB9A18130D2700AEBFCB /* en */ = {isa = PBXFileReference; lastKnownFileType = text.plist.strings; name = en; path = en.lproj/InfoPlist.strings; sourceTree = "<group>"; };
		4892AB9C18130D2700AEBFCB /* DALDebuggingTests.m */ = {isa = PBXFileReference; lastKnownFileType = sourcecode.c.objc; path = DALDebuggingTests.m; sourceTree = "<group>"; };
		4892ABA718130D9800AEBFCB /* ApplePrivate.h */ = {isa = PBXFileReference; fileEncoding = 4; lastKnownFileType = sourcecode.c.h; path = ApplePrivate.h; sourceTree = "<group>"; };
		4892ABA818130D9800AEBFCB /* DALIntrospection+Helper.h */ = {isa = PBXFileReference; fileEncoding = 4; lastKnownFileType = sourcecode.c.h; path = "DALIntrospection+Helper.h"; sourceTree = "<group>"; };
		4892ABAA18130D9800AEBFCB /* DALIntrospection.h */ = {isa = PBXFileReference; fileEncoding = 4; lastKnownFileType = sourcecode.c.h; path = DALIntrospection.h; sourceTree = "<group>"; };
		4892ABAB18130D9800AEBFCB /* DALIntrospection.m */ = {isa = PBXFileReference; fileEncoding = 4; lastKnownFileType = sourcecode.c.objc; path = DALIntrospection.m; sourceTree = "<group>"; };
		4892ABAC18130D9800AEBFCB /* UIWindow+DALDebugging.m */ = {isa = PBXFileReference; fileEncoding = 4; lastKnownFileType = sourcecode.c.objc; path = "UIWindow+DALDebugging.m"; sourceTree = "<group>"; };
		4892ABAD18130D9800AEBFCB /* NSObject+DALDebugging.h */ = {isa = PBXFileReference; fileEncoding = 4; lastKnownFileType = sourcecode.c.h; path = "NSObject+DALDebugging.h"; sourceTree = "<group>"; };
		4892ABAE18130D9800AEBFCB /* NSObject+DALDebugging.m */ = {isa = PBXFileReference; fileEncoding = 4; lastKnownFileType = sourcecode.c.objc; path = "NSObject+DALDebugging.m"; sourceTree = "<group>"; };
		4892ABAF18130D9800AEBFCB /* NSProxy+DALDebugging.h */ = {isa = PBXFileReference; fileEncoding = 4; lastKnownFileType = sourcecode.c.h; path = "NSProxy+DALDebugging.h"; sourceTree = "<group>"; };
		4892ABB018130D9800AEBFCB /* NSProxy+DALDebugging.m */ = {isa = PBXFileReference; fileEncoding = 4; lastKnownFileType = sourcecode.c.objc; path = "NSProxy+DALDebugging.m"; sourceTree = "<group>"; };
		4892ABB118130D9800AEBFCB /* README */ = {isa = PBXFileReference; fileEncoding = 4; lastKnownFileType = text; path = README; sourceTree = "<group>"; };
		4892ABB218130D9800AEBFCB /* UIImage+DALDebugging.h */ = {isa = PBXFileReference; fileEncoding = 4; lastKnownFileType = sourcecode.c.h; path = "UIImage+DALDebugging.h"; sourceTree = "<group>"; };
		4892ABB318130D9800AEBFCB /* UIImage+DALDebugging.m */ = {isa = PBXFileReference; fileEncoding = 4; lastKnownFileType = sourcecode.c.objc; path = "UIImage+DALDebugging.m"; sourceTree = "<group>"; };
		4892ABB418130D9800AEBFCB /* UIView+DALDebugging.h */ = {isa = PBXFileReference; fileEncoding = 4; lastKnownFileType = sourcecode.c.h; path = "UIView+DALDebugging.h"; sourceTree = "<group>"; };
		4892ABB518130D9800AEBFCB /* UIView+DALDebugging.m */ = {isa = PBXFileReference; fileEncoding = 4; lastKnownFileType = sourcecode.c.objc; path = "UIView+DALDebugging.m"; sourceTree = "<group>"; };
		4892ABB818130D9800AEBFCB /* UIWindow+DALDebugging.h */ = {isa = PBXFileReference; fileEncoding = 4; lastKnownFileType = sourcecode.c.h; path = "UIWindow+DALDebugging.h"; sourceTree = "<group>"; };
		4892ABC2181312E600AEBFCB /* DALTableViewCell.h */ = {isa = PBXFileReference; fileEncoding = 4; lastKnownFileType = sourcecode.c.h; path = DALTableViewCell.h; sourceTree = "<group>"; };
		4892ABC3181312E600AEBFCB /* DALTableViewCell.m */ = {isa = PBXFileReference; fileEncoding = 4; lastKnownFileType = sourcecode.c.objc; path = DALTableViewCell.m; sourceTree = "<group>"; };
		4892ABC7181338BF00AEBFCB /* 132x88.jpeg */ = {isa = PBXFileReference; lastKnownFileType = image.jpeg; path = 132x88.jpeg; sourceTree = "<group>"; };
/* End PBXFileReference section */

/* Begin PBXFrameworksBuildPhase section */
		4892AB6818130D2600AEBFCB /* Frameworks */ = {
			isa = PBXFrameworksBuildPhase;
			buildActionMask = 2147483647;
			files = (
				4892AB7118130D2600AEBFCB /* CoreGraphics.framework in Frameworks */,
				4892AB7318130D2600AEBFCB /* UIKit.framework in Frameworks */,
				4892AB6F18130D2600AEBFCB /* Foundation.framework in Frameworks */,
			);
			runOnlyForDeploymentPostprocessing = 0;
		};
		4892AB8C18130D2700AEBFCB /* Frameworks */ = {
			isa = PBXFrameworksBuildPhase;
			buildActionMask = 2147483647;
			files = (
				4892AB9118130D2700AEBFCB /* XCTest.framework in Frameworks */,
				4892AB9318130D2700AEBFCB /* UIKit.framework in Frameworks */,
				4892AB9218130D2700AEBFCB /* Foundation.framework in Frameworks */,
			);
			runOnlyForDeploymentPostprocessing = 0;
		};
/* End PBXFrameworksBuildPhase section */

/* Begin PBXGroup section */
		4892AB6218130D2600AEBFCB = {
			isa = PBXGroup;
			children = (
				4892AB7418130D2600AEBFCB /* DALDebugging */,
				4892AB9618130D2700AEBFCB /* DALDebuggingTests */,
				4892AB6D18130D2600AEBFCB /* Frameworks */,
				4892AB6C18130D2600AEBFCB /* Products */,
			);
			sourceTree = "<group>";
		};
		4892AB6C18130D2600AEBFCB /* Products */ = {
			isa = PBXGroup;
			children = (
				4892AB6B18130D2600AEBFCB /* DALDebugging.app */,
				4892AB8F18130D2700AEBFCB /* DALDebuggingTests.xctest */,
			);
			name = Products;
			sourceTree = "<group>";
		};
		4892AB6D18130D2600AEBFCB /* Frameworks */ = {
			isa = PBXGroup;
			children = (
				4892AB6E18130D2600AEBFCB /* Foundation.framework */,
				4892AB7018130D2600AEBFCB /* CoreGraphics.framework */,
				4892AB7218130D2600AEBFCB /* UIKit.framework */,
				4892AB9018130D2700AEBFCB /* XCTest.framework */,
			);
			name = Frameworks;
			sourceTree = "<group>";
		};
		4892AB7418130D2600AEBFCB /* DALDebugging */ = {
			isa = PBXGroup;
			children = (
				4892ABA618130D9800AEBFCB /* DALDebugging */,
				4892AB7D18130D2700AEBFCB /* DALAppDelegate.h */,
				4892AB7E18130D2700AEBFCB /* DALAppDelegate.m */,
				4892AB8018130D2700AEBFCB /* Main_iPhone.storyboard */,
				4892AB8318130D2700AEBFCB /* Main_iPad.storyboard */,
				4892AB8618130D2700AEBFCB /* DALViewController.h */,
				4892AB8718130D2700AEBFCB /* DALViewController.m */,
				4892ABC2181312E600AEBFCB /* DALTableViewCell.h */,
				4892ABC3181312E600AEBFCB /* DALTableViewCell.m */,
				4892AB8918130D2700AEBFCB /* Images.xcassets */,
				4892AB7518130D2600AEBFCB /* Supporting Files */,
				4892ABC5181338BF00AEBFCB /* Resources */,
			);
			path = DALDebugging;
			sourceTree = "<group>";
		};
		4892AB7518130D2600AEBFCB /* Supporting Files */ = {
			isa = PBXGroup;
			children = (
				4892AB7618130D2600AEBFCB /* DALDebugging-Info.plist */,
				4892AB7718130D2600AEBFCB /* InfoPlist.strings */,
				4892AB7A18130D2700AEBFCB /* main.m */,
				4892AB7C18130D2700AEBFCB /* DALDebugging-Prefix.pch */,
			);
			name = "Supporting Files";
			sourceTree = "<group>";
		};
		4892AB9618130D2700AEBFCB /* DALDebuggingTests */ = {
			isa = PBXGroup;
			children = (
				4892AB9C18130D2700AEBFCB /* DALDebuggingTests.m */,
				4892AB9718130D2700AEBFCB /* Supporting Files */,
			);
			path = DALDebuggingTests;
			sourceTree = "<group>";
		};
		4892AB9718130D2700AEBFCB /* Supporting Files */ = {
			isa = PBXGroup;
			children = (
				4892AB9818130D2700AEBFCB /* DALDebuggingTests-Info.plist */,
				4892AB9918130D2700AEBFCB /* InfoPlist.strings */,
			);
			name = "Supporting Files";
			sourceTree = "<group>";
		};
		4892ABA618130D9800AEBFCB /* DALDebugging */ = {
			isa = PBXGroup;
			children = (
				4892ABA718130D9800AEBFCB /* ApplePrivate.h */,
				4892ABA818130D9800AEBFCB /* DALIntrospection+Helper.h */,
				4892ABAA18130D9800AEBFCB /* DALIntrospection.h */,
				4892ABAB18130D9800AEBFCB /* DALIntrospection.m */,
				4805B285190C29F5001C6D04 /* DALSwizzling.h */,
				4892ABAD18130D9800AEBFCB /* NSObject+DALDebugging.h */,
				4892ABAE18130D9800AEBFCB /* NSObject+DALDebugging.m */,
				4892ABAF18130D9800AEBFCB /* NSProxy+DALDebugging.h */,
				4892ABB018130D9800AEBFCB /* NSProxy+DALDebugging.m */,
				4892ABB118130D9800AEBFCB /* README */,
				4892ABB218130D9800AEBFCB /* UIImage+DALDebugging.h */,
				4892ABB318130D9800AEBFCB /* UIImage+DALDebugging.m */,
				4892ABB418130D9800AEBFCB /* UIView+DALDebugging.h */,
				4892ABB518130D9800AEBFCB /* UIView+DALDebugging.m */,
				4892ABB818130D9800AEBFCB /* UIWindow+DALDebugging.h */,
				4892ABAC18130D9800AEBFCB /* UIWindow+DALDebugging.m */,
				4884D3C6182A11E400C48FB6 /* UIControl+DALDebugging.h */,
				4884D3C7182A11E400C48FB6 /* UIControl+DALDebugging.m */,
			);
			path = DALDebugging;
			sourceTree = "<group>";
		};
		4892ABC5181338BF00AEBFCB /* Resources */ = {
			isa = PBXGroup;
			children = (
				4892ABC6181338BF00AEBFCB /* Images */,
			);
			path = Resources;
			sourceTree = "<group>";
		};
		4892ABC6181338BF00AEBFCB /* Images */ = {
			isa = PBXGroup;
			children = (
				4892ABC7181338BF00AEBFCB /* 132x88.jpeg */,
			);
			path = Images;
			sourceTree = "<group>";
		};
/* End PBXGroup section */

/* Begin PBXNativeTarget section */
		4892AB6A18130D2600AEBFCB /* DALDebugging */ = {
			isa = PBXNativeTarget;
			buildConfigurationList = 4892ABA018130D2700AEBFCB /* Build configuration list for PBXNativeTarget "DALDebugging" */;
			buildPhases = (
				4892AB6718130D2600AEBFCB /* Sources */,
				4892AB6818130D2600AEBFCB /* Frameworks */,
				4892AB6918130D2600AEBFCB /* Resources */,
			);
			buildRules = (
			);
			dependencies = (
			);
			name = DALDebugging;
			productName = DALDebugging;
			productReference = 4892AB6B18130D2600AEBFCB /* DALDebugging.app */;
			productType = "com.apple.product-type.application";
		};
		4892AB8E18130D2700AEBFCB /* DALDebuggingTests */ = {
			isa = PBXNativeTarget;
			buildConfigurationList = 4892ABA318130D2700AEBFCB /* Build configuration list for PBXNativeTarget "DALDebuggingTests" */;
			buildPhases = (
				4892AB8B18130D2700AEBFCB /* Sources */,
				4892AB8C18130D2700AEBFCB /* Frameworks */,
				4892AB8D18130D2700AEBFCB /* Resources */,
			);
			buildRules = (
			);
			dependencies = (
				4892AB9518130D2700AEBFCB /* PBXTargetDependency */,
			);
			name = DALDebuggingTests;
			productName = DALDebuggingTests;
			productReference = 4892AB8F18130D2700AEBFCB /* DALDebuggingTests.xctest */;
			productType = "com.apple.product-type.bundle.unit-test";
		};
/* End PBXNativeTarget section */

/* Begin PBXProject section */
		4892AB6318130D2600AEBFCB /* Project object */ = {
			isa = PBXProject;
			attributes = {
				CLASSPREFIX = DAL;
				LastUpgradeCheck = 0510;
				ORGANIZATIONNAME = "Daniel Leber";
				TargetAttributes = {
					4892AB8E18130D2700AEBFCB = {
						TestTargetID = 4892AB6A18130D2600AEBFCB;
					};
				};
			};
			buildConfigurationList = 4892AB6618130D2600AEBFCB /* Build configuration list for PBXProject "DALDebugging" */;
			compatibilityVersion = "Xcode 3.2";
			developmentRegion = English;
			hasScannedForEncodings = 0;
			knownRegions = (
				en,
				Base,
			);
			mainGroup = 4892AB6218130D2600AEBFCB;
			productRefGroup = 4892AB6C18130D2600AEBFCB /* Products */;
			projectDirPath = "";
			projectRoot = "";
			targets = (
				4892AB6A18130D2600AEBFCB /* DALDebugging */,
				4892AB8E18130D2700AEBFCB /* DALDebuggingTests */,
			);
		};
/* End PBXProject section */

/* Begin PBXResourcesBuildPhase section */
		4892AB6918130D2600AEBFCB /* Resources */ = {
			isa = PBXResourcesBuildPhase;
			buildActionMask = 2147483647;
			files = (
				4892ABBE18130D9800AEBFCB /* README in Resources */,
				4892AB8518130D2700AEBFCB /* Main_iPad.storyboard in Resources */,
				4892AB8A18130D2700AEBFCB /* Images.xcassets in Resources */,
				4892ABC8181338BF00AEBFCB /* 132x88.jpeg in Resources */,
				4892AB8218130D2700AEBFCB /* Main_iPhone.storyboard in Resources */,
				4892AB7918130D2600AEBFCB /* InfoPlist.strings in Resources */,
			);
			runOnlyForDeploymentPostprocessing = 0;
		};
		4892AB8D18130D2700AEBFCB /* Resources */ = {
			isa = PBXResourcesBuildPhase;
			buildActionMask = 2147483647;
			files = (
				4892AB9B18130D2700AEBFCB /* InfoPlist.strings in Resources */,
			);
			runOnlyForDeploymentPostprocessing = 0;
		};
/* End PBXResourcesBuildPhase section */

/* Begin PBXSourcesBuildPhase section */
		4892AB6718130D2600AEBFCB /* Sources */ = {
			isa = PBXSourcesBuildPhase;
			buildActionMask = 2147483647;
			files = (
				4892AB7F18130D2700AEBFCB /* DALAppDelegate.m in Sources */,
				4892ABC4181312E600AEBFCB /* DALTableViewCell.m in Sources */,
				4892AB7B18130D2700AEBFCB /* main.m in Sources */,
				4892ABBF18130D9800AEBFCB /* UIImage+DALDebugging.m in Sources */,
				4892ABBB18130D9800AEBFCB /* UIWindow+DALDebugging.m in Sources */,
				4884D3C8182A11E400C48FB6 /* UIControl+DALDebugging.m in Sources */,
				4892ABBA18130D9800AEBFCB /* DALIntrospection.m in Sources */,
				4892ABBD18130D9800AEBFCB /* NSProxy+DALDebugging.m in Sources */,
				4892ABBC18130D9800AEBFCB /* NSObject+DALDebugging.m in Sources */,
				4892AB8818130D2700AEBFCB /* DALViewController.m in Sources */,
				4892ABC018130D9800AEBFCB /* UIView+DALDebugging.m in Sources */,
			);
			runOnlyForDeploymentPostprocessing = 0;
		};
		4892AB8B18130D2700AEBFCB /* Sources */ = {
			isa = PBXSourcesBuildPhase;
			buildActionMask = 2147483647;
			files = (
				4892AB9D18130D2700AEBFCB /* DALDebuggingTests.m in Sources */,
			);
			runOnlyForDeploymentPostprocessing = 0;
		};
/* End PBXSourcesBuildPhase section */

/* Begin PBXTargetDependency section */
		4892AB9518130D2700AEBFCB /* PBXTargetDependency */ = {
			isa = PBXTargetDependency;
			target = 4892AB6A18130D2600AEBFCB /* DALDebugging */;
			targetProxy = 4892AB9418130D2700AEBFCB /* PBXContainerItemProxy */;
		};
/* End PBXTargetDependency section */

/* Begin PBXVariantGroup section */
		4892AB7718130D2600AEBFCB /* InfoPlist.strings */ = {
			isa = PBXVariantGroup;
			children = (
				4892AB7818130D2600AEBFCB /* en */,
			);
			name = InfoPlist.strings;
			sourceTree = "<group>";
		};
		4892AB8018130D2700AEBFCB /* Main_iPhone.storyboard */ = {
			isa = PBXVariantGroup;
			children = (
				4892AB8118130D2700AEBFCB /* Base */,
			);
			name = Main_iPhone.storyboard;
			sourceTree = "<group>";
		};
		4892AB8318130D2700AEBFCB /* Main_iPad.storyboard */ = {
			isa = PBXVariantGroup;
			children = (
				4892AB8418130D2700AEBFCB /* Base */,
			);
			name = Main_iPad.storyboard;
			sourceTree = "<group>";
		};
		4892AB9918130D2700AEBFCB /* InfoPlist.strings */ = {
			isa = PBXVariantGroup;
			children = (
				4892AB9A18130D2700AEBFCB /* en */,
			);
			name = InfoPlist.strings;
			sourceTree = "<group>";
		};
/* End PBXVariantGroup section */

/* Begin XCBuildConfiguration section */
		4892AB9E18130D2700AEBFCB /* Debug */ = {
			isa = XCBuildConfiguration;
			buildSettings = {
				ALWAYS_SEARCH_USER_PATHS = NO;
				CLANG_CXX_LANGUAGE_STANDARD = "gnu++0x";
				CLANG_CXX_LIBRARY = "libc++";
				CLANG_ENABLE_MODULES = YES;
				CLANG_ENABLE_OBJC_ARC = YES;
				CLANG_WARN_BOOL_CONVERSION = YES;
				CLANG_WARN_CONSTANT_CONVERSION = YES;
				CLANG_WARN_DIRECT_OBJC_ISA_USAGE = YES_ERROR;
				CLANG_WARN_EMPTY_BODY = YES;
				CLANG_WARN_ENUM_CONVERSION = YES;
				CLANG_WARN_INT_CONVERSION = YES;
				CLANG_WARN_OBJC_ROOT_CLASS = YES_ERROR;
				CLANG_WARN__DUPLICATE_METHOD_MATCH = YES;
				"CODE_SIGN_IDENTITY[sdk=iphoneos*]" = "iPhone Developer";
				COPY_PHASE_STRIP = NO;
				GCC_C_LANGUAGE_STANDARD = gnu99;
				GCC_DYNAMIC_NO_PIC = NO;
				GCC_OPTIMIZATION_LEVEL = 0;
				GCC_PREPROCESSOR_DEFINITIONS = (
					"DEBUG=1",
					"$(inherited)",
				);
				GCC_SYMBOLS_PRIVATE_EXTERN = NO;
				GCC_WARN_64_TO_32_BIT_CONVERSION = YES;
				GCC_WARN_ABOUT_RETURN_TYPE = YES_ERROR;
				GCC_WARN_UNDECLARED_SELECTOR = YES;
				GCC_WARN_UNINITIALIZED_AUTOS = YES;
				GCC_WARN_UNUSED_FUNCTION = YES;
				GCC_WARN_UNUSED_VARIABLE = YES;
				IPHONEOS_DEPLOYMENT_TARGET = 6.0;
				ONLY_ACTIVE_ARCH = YES;
				SDKROOT = iphoneos;
				TARGETED_DEVICE_FAMILY = "1,2";
			};
			name = Debug;
		};
		4892AB9F18130D2700AEBFCB /* Release */ = {
			isa = XCBuildConfiguration;
			buildSettings = {
				ALWAYS_SEARCH_USER_PATHS = NO;
				CLANG_CXX_LANGUAGE_STANDARD = "gnu++0x";
				CLANG_CXX_LIBRARY = "libc++";
				CLANG_ENABLE_MODULES = YES;
				CLANG_ENABLE_OBJC_ARC = YES;
				CLANG_WARN_BOOL_CONVERSION = YES;
				CLANG_WARN_CONSTANT_CONVERSION = YES;
				CLANG_WARN_DIRECT_OBJC_ISA_USAGE = YES_ERROR;
				CLANG_WARN_EMPTY_BODY = YES;
				CLANG_WARN_ENUM_CONVERSION = YES;
				CLANG_WARN_INT_CONVERSION = YES;
				CLANG_WARN_OBJC_ROOT_CLASS = YES_ERROR;
				CLANG_WARN__DUPLICATE_METHOD_MATCH = YES;
				"CODE_SIGN_IDENTITY[sdk=iphoneos*]" = "iPhone Developer";
				COPY_PHASE_STRIP = YES;
				ENABLE_NS_ASSERTIONS = NO;
				GCC_C_LANGUAGE_STANDARD = gnu99;
				GCC_WARN_64_TO_32_BIT_CONVERSION = YES;
				GCC_WARN_ABOUT_RETURN_TYPE = YES_ERROR;
				GCC_WARN_UNDECLARED_SELECTOR = YES;
				GCC_WARN_UNINITIALIZED_AUTOS = YES;
				GCC_WARN_UNUSED_FUNCTION = YES;
				GCC_WARN_UNUSED_VARIABLE = YES;
				IPHONEOS_DEPLOYMENT_TARGET = 6.0;
				SDKROOT = iphoneos;
				TARGETED_DEVICE_FAMILY = "1,2";
				VALIDATE_PRODUCT = YES;
			};
			name = Release;
		};
		4892ABA118130D2700AEBFCB /* Debug */ = {
			isa = XCBuildConfiguration;
			buildSettings = {
				ASSETCATALOG_COMPILER_APPICON_NAME = AppIcon;
				ASSETCATALOG_COMPILER_LAUNCHIMAGE_NAME = LaunchImage;
				GCC_PRECOMPILE_PREFIX_HEADER = YES;
				GCC_PREFIX_HEADER = "DALDebugging/DALDebugging-Prefix.pch";
				INFOPLIST_FILE = "DALDebugging/DALDebugging-Info.plist";
				PRODUCT_NAME = "$(TARGET_NAME)";
				WRAPPER_EXTENSION = app;
			};
			name = Debug;
		};
		4892ABA218130D2700AEBFCB /* Release */ = {
			isa = XCBuildConfiguration;
			buildSettings = {
				ASSETCATALOG_COMPILER_APPICON_NAME = AppIcon;
				ASSETCATALOG_COMPILER_LAUNCHIMAGE_NAME = LaunchImage;
				GCC_PRECOMPILE_PREFIX_HEADER = YES;
				GCC_PREFIX_HEADER = "DALDebugging/DALDebugging-Prefix.pch";
				INFOPLIST_FILE = "DALDebugging/DALDebugging-Info.plist";
				PRODUCT_NAME = "$(TARGET_NAME)";
				WRAPPER_EXTENSION = app;
			};
			name = Release;
		};
		4892ABA418130D2700AEBFCB /* Debug */ = {
			isa = XCBuildConfiguration;
			buildSettings = {
				BUNDLE_LOADER = "$(BUILT_PRODUCTS_DIR)/DALDebugging.app/DALDebugging";
				FRAMEWORK_SEARCH_PATHS = (
					"$(SDKROOT)/Developer/Library/Frameworks",
					"$(inherited)",
					"$(DEVELOPER_FRAMEWORKS_DIR)",
				);
				GCC_PRECOMPILE_PREFIX_HEADER = YES;
				GCC_PREFIX_HEADER = "DALDebugging/DALDebugging-Prefix.pch";
				GCC_PREPROCESSOR_DEFINITIONS = (
					"DEBUG=1",
					"$(inherited)",
				);
				INFOPLIST_FILE = "DALDebuggingTests/DALDebuggingTests-Info.plist";
				PRODUCT_NAME = "$(TARGET_NAME)";
				TEST_HOST = "$(BUNDLE_LOADER)";
				WRAPPER_EXTENSION = xctest;
			};
			name = Debug;
		};
		4892ABA518130D2700AEBFCB /* Release */ = {
			isa = XCBuildConfiguration;
			buildSettings = {
				BUNDLE_LOADER = "$(BUILT_PRODUCTS_DIR)/DALDebugging.app/DALDebugging";
				FRAMEWORK_SEARCH_PATHS = (
					"$(SDKROOT)/Developer/Library/Frameworks",
					"$(inherited)",
					"$(DEVELOPER_FRAMEWORKS_DIR)",
				);
				GCC_PRECOMPILE_PREFIX_HEADER = YES;
				GCC_PREFIX_HEADER = "DALDebugging/DALDebugging-Prefix.pch";
				INFOPLIST_FILE = "DALDebuggingTests/DALDebuggingTests-Info.plist";
				PRODUCT_NAME = "$(TARGET_NAME)";
				TEST_HOST = "$(BUNDLE_LOADER)";
				WRAPPER_EXTENSION = xctest;
			};
			name = Release;
		};
/* End XCBuildConfiguration section */

/* Begin XCConfigurationList section */
		4892AB6618130D2600AEBFCB /* Build configuration list for PBXProject "DALDebugging" */ = {
			isa = XCConfigurationList;
			buildConfigurations = (
				4892AB9E18130D2700AEBFCB /* Debug */,
				4892AB9F18130D2700AEBFCB /* Release */,
			);
			defaultConfigurationIsVisible = 0;
			defaultConfigurationName = Release;
		};
		4892ABA018130D2700AEBFCB /* Build configuration list for PBXNativeTarget "DALDebugging" */ = {
			isa = XCConfigurationList;
			buildConfigurations = (
				4892ABA118130D2700AEBFCB /* Debug */,
				4892ABA218130D2700AEBFCB /* Release */,
			);
			defaultConfigurationIsVisible = 0;
			defaultConfigurationName = Release;
		};
		4892ABA318130D2700AEBFCB /* Build configuration list for PBXNativeTarget "DALDebuggingTests" */ = {
			isa = XCConfigurationList;
			buildConfigurations = (
				4892ABA418130D2700AEBFCB /* Debug */,
				4892ABA518130D2700AEBFCB /* Release */,
			);
			defaultConfigurationIsVisible = 0;
			defaultConfigurationName = Release;
		};
/* End XCConfigurationList section */
	};
	rootObject = 4892AB6318130D2600AEBFCB /* Project object */;
}
